
Microsoft Visual Studio Solution File, Format Version 12.00
# Visual Studio 2012
Project("{FAE04EC0-301F-11D3-BF4B-00C04F79EFBC}") = "CloudFace", "CloudFace\CloudFace.csproj", "{CE4F8AC8-498D-4EC9-89DA-EF6FBC648EF3}"
EndProject
Project("{FAE04EC0-301F-11D3-BF4B-00C04F79EFBC}") = "CloudFace.iOS", "iOS\CloudFace.iOS.csproj", "{742370C6-6D07-49D7-AD35-28721EF2DE48}"
EndProject
Project("{FAE04EC0-301F-11D3-BF4B-00C04F79EFBC}") = "CloudFace.Droid", "Droid\CloudFace.Droid.csproj", "{03003144-560E-47F5-AF35-35F5A3DE9CF7}"
EndProject
Global
	GlobalSection(SolutionConfigurationPlatforms) = preSolution
		Debug|Any CPU = Debug|Any CPU
		Release|Any CPU = Release|Any CPU
		Debug|iPhoneSimulator = Debug|iPhoneSimulator
		Release|iPhone = Release|iPhone
		Release|iPhoneSimulator = Release|iPhoneSimulator
		Debug|iPhone = Debug|iPhone
	EndGlobalSection
	GlobalSection(ProjectConfigurationPlatforms) = postSolution
		{03003144-560E-47F5-AF35-35F5A3DE9CF7}.Debug|Any CPU.ActiveCfg = Debug|Any CPU
		{03003144-560E-47F5-AF35-35F5A3DE9CF7}.Debug|Any CPU.Build.0 = Debug|Any CPU
		{03003144-560E-47F5-AF35-35F5A3DE9CF7}.Debug|iPhone.ActiveCfg = Debug|Any CPU
		{03003144-560E-47F5-AF35-35F5A3DE9CF7}.Debug|iPhone.Build.0 = Debug|Any CPU
		{03003144-560E-47F5-AF35-35F5A3DE9CF7}.Debug|iPhoneSimulator.ActiveCfg = Debug|Any CPU
		{03003144-560E-47F5-AF35-35F5A3DE9CF7}.Debug|iPhoneSimulator.Build.0 = Debug|Any CPU
		{03003144-560E-47F5-AF35-35F5A3DE9CF7}.Release|Any CPU.ActiveCfg = Release|Any CPU
		{03003144-560E-47F5-AF35-35F5A3DE9CF7}.Release|Any CPU.Build.0 = Release|Any CPU
		{03003144-560E-47F5-AF35-35F5A3DE9CF7}.Release|iPhone.ActiveCfg = Release|Any CPU
		{03003144-560E-47F5-AF35-35F5A3DE9CF7}.Release|iPhone.Build.0 = Release|Any CPU
		{03003144-560E-47F5-AF35-35F5A3DE9CF7}.Release|iPhoneSimulator.ActiveCfg = Release|Any CPU
		{03003144-560E-47F5-AF35-35F5A3DE9CF7}.Release|iPhoneSimulator.Build.0 = Release|Any CPU
		{742370C6-6D07-49D7-AD35-28721EF2DE48}.Debug|Any CPU.ActiveCfg = Debug|iPhoneSimulator
		{742370C6-6D07-49D7-AD35-28721EF2DE48}.Debug|Any CPU.Build.0 = Debug|iPhoneSimulator
		{742370C6-6D07-49D7-AD35-28721EF2DE48}.Debug|iPhone.ActiveCfg = Debug|iPhone
		{742370C6-6D07-49D7-AD35-28721EF2DE48}.Debug|iPhone.Build.0 = Debug|iPhone
		{742370C6-6D07-49D7-AD35-28721EF2DE48}.Debug|iPhoneSimulator.ActiveCfg = Debug|iPhoneSimulator
		{742370C6-6D07-49D7-AD35-28721EF2DE48}.Debug|iPhoneSimulator.Build.0 = Debug|iPhoneSimulator
		{742370C6-6D07-49D7-AD35-28721EF2DE48}.Release|Any CPU.ActiveCfg = Release|iPhone
		{742370C6-6D07-49D7-AD35-28721EF2DE48}.Release|Any CPU.Build.0 = Release|iPhone
		{742370C6-6D07-49D7-AD35-28721EF2DE48}.Release|iPhone.ActiveCfg = Release|iPhone
		{742370C6-6D07-49D7-AD35-28721EF2DE48}.Release|iPhone.Build.0 = Release|iPhone
		{742370C6-6D07-49D7-AD35-28721EF2DE48}.Release|iPhoneSimulator.ActiveCfg = Release|iPhoneSimulator
		{742370C6-6D07-49D7-AD35-28721EF2DE48}.Release|iPhoneSimulator.Build.0 = Release|iPhoneSimulator
		{CE4F8AC8-498D-4EC9-89DA-EF6FBC648EF3}.Debug|Any CPU.ActiveCfg = Debug|Any CPU
		{CE4F8AC8-498D-4EC9-89DA-EF6FBC648EF3}.Debug|Any CPU.Build.0 = Debug|Any CPU
		{CE4F8AC8-498D-4EC9-89DA-EF6FBC648EF3}.Debug|iPhone.ActiveCfg = Debug|Any CPU
		{CE4F8AC8-498D-4EC9-89DA-EF6FBC648EF3}.Debug|iPhone.Build.0 = Debug|Any CPU
		{CE4F8AC8-498D-4EC9-89DA-EF6FBC648EF3}.Debug|iPhoneSimulator.ActiveCfg = Debug|Any CPU
		{CE4F8AC8-498D-4EC9-89DA-EF6FBC648EF3}.Debug|iPhoneSimulator.Build.0 = Debug|Any CPU
		{CE4F8AC8-498D-4EC9-89DA-EF6FBC648EF3}.Release|Any CPU.ActiveCfg = Release|Any CPU
		{CE4F8AC8-498D-4EC9-89DA-EF6FBC648EF3}.Release|Any CPU.Build.0 = Release|Any CPU
		{CE4F8AC8-498D-4EC9-89DA-EF6FBC648EF3}.Release|iPhone.ActiveCfg = Release|Any CPU
		{CE4F8AC8-498D-4EC9-89DA-EF6FBC648EF3}.Release|iPhone.Build.0 = Release|Any CPU
		{CE4F8AC8-498D-4EC9-89DA-EF6FBC648EF3}.Release|iPhoneSimulator.ActiveCfg = Release|Any CPU
		{CE4F8AC8-498D-4EC9-89DA-EF6FBC648EF3}.Release|iPhoneSimulator.Build.0 = Release|Any CPU
	EndGlobalSection
EndGlobal
